
Microsoft Visual Studio Solution File, Format Version 12.00
# Visual Studio Version 16
VisualStudioVersion = 16.0.30011.22
MinimumVisualStudioVersion = 10.0.40219.1
Project("{9A19103F-16F7-4668-BE54-9A1E7A4F7556}") = "HomeManager", "HomeManager\HomeManager.csproj", "{EFDA71F4-1043-4E41-BD25-8F8E02A4CC8A}"
EndProject
Project("{9A19103F-16F7-4668-BE54-9A1E7A4F7556}") = "ApiGateway", "ApiGateway\ApiGateway.csproj", "{135A2EA6-1797-4D60-82FB-07BA0FC77E07}"
EndProject
Project("{9A19103F-16F7-4668-BE54-9A1E7A4F7556}") = "Wishlist.Service.API", "Wishlist.Service.API\Wishlist.Service.API.csproj", "{D154DCBE-00E5-4050-AC80-4A528A4837AD}"
EndProject
Project("{2150E333-8FDC-42A3-9474-1A3956D46DE8}") = "Microservices", "Microservices", "{6F73313C-1E7E-4DDB-8F19-552B0C0DFE68}"
EndProject
Project("{9A19103F-16F7-4668-BE54-9A1E7A4F7556}") = "PCBuilder.Service.API", "PCBuilder.Service.API\PCBuilder.Service.API.csproj", "{C7617E9C-F7FD-49D0-B1BC-D5322FE200D3}"
EndProject
Project("{9A19103F-16F7-4668-BE54-9A1E7A4F7556}") = "Server", "Server\Server.csproj", "{BA22DA6C-5524-429C-8773-F9016A2BA915}"
EndProject
Project("{9A19103F-16F7-4668-BE54-9A1E7A4F7556}") = "HomeBudget.API", "HomeBudget.API\HomeBudget.API.csproj", "{790ABD96-9F41-4596-9901-88208EABD606}"
EndProject
Global
	GlobalSection(SolutionConfigurationPlatforms) = preSolution
		Debug|Any CPU = Debug|Any CPU
		Release|Any CPU = Release|Any CPU
	EndGlobalSection
	GlobalSection(ProjectConfigurationPlatforms) = postSolution
		{EFDA71F4-1043-4E41-BD25-8F8E02A4CC8A}.Debug|Any CPU.ActiveCfg = Debug|Any CPU
		{EFDA71F4-1043-4E41-BD25-8F8E02A4CC8A}.Debug|Any CPU.Build.0 = Debug|Any CPU
		{EFDA71F4-1043-4E41-BD25-8F8E02A4CC8A}.Release|Any CPU.ActiveCfg = Release|Any CPU
		{EFDA71F4-1043-4E41-BD25-8F8E02A4CC8A}.Release|Any CPU.Build.0 = Release|Any CPU
		{135A2EA6-1797-4D60-82FB-07BA0FC77E07}.Debug|Any CPU.ActiveCfg = Debug|Any CPU
		{135A2EA6-1797-4D60-82FB-07BA0FC77E07}.Debug|Any CPU.Build.0 = Debug|Any CPU
		{135A2EA6-1797-4D60-82FB-07BA0FC77E07}.Release|Any CPU.ActiveCfg = Release|Any CPU
		{135A2EA6-1797-4D60-82FB-07BA0FC77E07}.Release|Any CPU.Build.0 = Release|Any CPU
		{D154DCBE-00E5-4050-AC80-4A528A4837AD}.Debug|Any CPU.ActiveCfg = Debug|Any CPU
		{D154DCBE-00E5-4050-AC80-4A528A4837AD}.Debug|Any CPU.Build.0 = Debug|Any CPU
		{D154DCBE-00E5-4050-AC80-4A528A4837AD}.Release|Any CPU.ActiveCfg = Release|Any CPU
		{D154DCBE-00E5-4050-AC80-4A528A4837AD}.Release|Any CPU.Build.0 = Release|Any CPU
		{C7617E9C-F7FD-49D0-B1BC-D5322FE200D3}.Debug|Any CPU.ActiveCfg = Debug|Any CPU
		{C7617E9C-F7FD-49D0-B1BC-D5322FE200D3}.Debug|Any CPU.Build.0 = Debug|Any CPU
		{C7617E9C-F7FD-49D0-B1BC-D5322FE200D3}.Release|Any CPU.ActiveCfg = Release|Any CPU
		{C7617E9C-F7FD-49D0-B1BC-D5322FE200D3}.Release|Any CPU.Build.0 = Release|Any CPU
		{BA22DA6C-5524-429C-8773-F9016A2BA915}.Debug|Any CPU.ActiveCfg = Debug|Any CPU
		{BA22DA6C-5524-429C-8773-F9016A2BA915}.Debug|Any CPU.Build.0 = Debug|Any CPU
		{BA22DA6C-5524-429C-8773-F9016A2BA915}.Release|Any CPU.ActiveCfg = Release|Any CPU
		{BA22DA6C-5524-429C-8773-F9016A2BA915}.Release|Any CPU.Build.0 = Release|Any CPU
		{790ABD96-9F41-4596-9901-88208EABD606}.Debug|Any CPU.ActiveCfg = Debug|Any CPU
		{790ABD96-9F41-4596-9901-88208EABD606}.Debug|Any CPU.Build.0 = Debug|Any CPU
		{790ABD96-9F41-4596-9901-88208EABD606}.Release|Any CPU.ActiveCfg = Release|Any CPU
		{790ABD96-9F41-4596-9901-88208EABD606}.Release|Any CPU.Build.0 = Release|Any CPU
	EndGlobalSection
	GlobalSection(SolutionProperties) = preSolution
		HideSolutionNode = FALSE
	EndGlobalSection
	GlobalSection(NestedProjects) = preSolution
		{D154DCBE-00E5-4050-AC80-4A528A4837AD} = {6F73313C-1E7E-4DDB-8F19-552B0C0DFE68}
		{C7617E9C-F7FD-49D0-B1BC-D5322FE200D3} = {6F73313C-1E7E-4DDB-8F19-552B0C0DFE68}
		{790ABD96-9F41-4596-9901-88208EABD606} = {6F73313C-1E7E-4DDB-8F19-552B0C0DFE68}
	EndGlobalSection
	GlobalSection(ExtensibilityGlobals) = postSolution
		SolutionGuid = {E927ABDE-8CBC-4C4E-BD58-853955D90119}
	EndGlobalSection
EndGlobal
